
Microsoft Visual Studio Solution File, Format Version 12.00
# Visual Studio Version 16
VisualStudioVersion = 16.0.30523.141
MinimumVisualStudioVersion = 10.0.40219.1
Project("{8BC9CEB8-8B4A-11D0-8D11-00A0C91BC942}") = "Exercise1.01", "exercises\exercises.vcxproj", "{2C3019F8-F3E7-4702-A107-AC1ADEEDECF2}"
EndProject
Project("{8BC9CEB8-8B4A-11D0-8D11-00A0C91BC942}") = "Exercise1.02", "Exercise02\Exercise02.vcxproj", "{76DBE899-CF7E-4690-8B6D-1D3F2EA23F56}"
EndProject
Project("{8BC9CEB8-8B4A-11D0-8D11-00A0C91BC942}") = "Exercise1.03", "Exercise03\Exercise03.vcxproj", "{D972D3F5-8A40-4FEF-9180-894783766854}"
EndProject
Project("{8BC9CEB8-8B4A-11D0-8D11-00A0C91BC942}") = "Exercise1.04", "Exercise04\Exercise04.vcxproj", "{D57B73A7-EABD-456C-8226-19728CB09F39}"
EndProject
Project("{8BC9CEB8-8B4A-11D0-8D11-00A0C91BC942}") = "Exercise1.05", "Exercise05\Exercise05.vcxproj", "{7AC02BFF-5FAF-47EF-BB71-CF6A42DF39BC}"
EndProject
Project("{8BC9CEB8-8B4A-11D0-8D11-00A0C91BC942}") = "Exercise1.06", "Exercise06\Exercise06.vcxproj", "{69CCDC06-0184-4F3A-896A-F2E15DEE42FB}"
EndProject
Project("{8BC9CEB8-8B4A-11D0-8D11-00A0C91BC942}") = "Exercise1.07", "Exercise07\Exercise07.vcxproj", "{8219A85A-1F34-4C84-AD5F-D2B0359B39C4}"
EndProject
Project("{8BC9CEB8-8B4A-11D0-8D11-00A0C91BC942}") = "Exercise1.08", "Exercise08\Exercise08.vcxproj", "{B9517036-A45E-4772-80B6-9AE09800614D}"
EndProject
Project("{8BC9CEB8-8B4A-11D0-8D11-00A0C91BC942}") = "Exercise1.09", "Exercise09\Exercise09.vcxproj", "{AE1286B0-9783-435C-AFB6-920670480A0A}"
EndProject
Project("{8BC9CEB8-8B4A-11D0-8D11-00A0C91BC942}") = "Exercise1.10", "Exercise10\Exercise10.vcxproj", "{380C8ECC-F144-41FF-8E2B-17A8D857FD48}"
EndProject
Project("{8BC9CEB8-8B4A-11D0-8D11-00A0C91BC942}") = "Exercise1.11", "Exercise11\Exercise11.vcxproj", "{B2F29EF3-FD50-46A8-A886-5A1FCE4CC1B4}"
EndProject
Project("{8BC9CEB8-8B4A-11D0-8D11-00A0C91BC942}") = "Exercise1.12", "Exercise12\Exercise12.vcxproj", "{B6242CD1-A3F4-41D2-B953-87D484241980}"
EndProject
Project("{8BC9CEB8-8B4A-11D0-8D11-00A0C91BC942}") = "Exercise1.13", "Exercise1.13\Exercise1.13.vcxproj", "{8DC72A97-9AC9-404F-BA5B-8C548B4FE2E7}"
EndProject
Project("{8BC9CEB8-8B4A-11D0-8D11-00A0C91BC942}") = "Exercise1.14", "Exercise1.14\Exercise1.14.vcxproj", "{D865DE75-3EA9-4618-AD2D-6E6F8D6AB3F8}"
EndProject
Project("{8BC9CEB8-8B4A-11D0-8D11-00A0C91BC942}") = "Exercise1.15", "Exercise1.15\Exercise1.15.vcxproj", "{CB64288B-957F-4477-A3B6-A69F32E2836E}"
EndProject
Project("{8BC9CEB8-8B4A-11D0-8D11-00A0C91BC942}") = "Exercise1.16", "Exercise1.16\Exercise1.16.vcxproj", "{BAB078DC-9CC7-47DA-BBA0-02DC065465CA}"
EndProject
Global
	GlobalSection(SolutionConfigurationPlatforms) = preSolution
		Debug|x64 = Debug|x64
		Debug|x86 = Debug|x86
		Release|x64 = Release|x64
		Release|x86 = Release|x86
	EndGlobalSection
	GlobalSection(ProjectConfigurationPlatforms) = postSolution
		{2C3019F8-F3E7-4702-A107-AC1ADEEDECF2}.Debug|x64.ActiveCfg = Debug|x64
		{2C3019F8-F3E7-4702-A107-AC1ADEEDECF2}.Debug|x64.Build.0 = Debug|x64
		{2C3019F8-F3E7-4702-A107-AC1ADEEDECF2}.Debug|x86.ActiveCfg = Debug|Win32
		{2C3019F8-F3E7-4702-A107-AC1ADEEDECF2}.Debug|x86.Build.0 = Debug|Win32
		{2C3019F8-F3E7-4702-A107-AC1ADEEDECF2}.Release|x64.ActiveCfg = Release|x64
		{2C3019F8-F3E7-4702-A107-AC1ADEEDECF2}.Release|x64.Build.0 = Release|x64
		{2C3019F8-F3E7-4702-A107-AC1ADEEDECF2}.Release|x86.ActiveCfg = Release|Win32
		{2C3019F8-F3E7-4702-A107-AC1ADEEDECF2}.Release|x86.Build.0 = Release|Win32
		{76DBE899-CF7E-4690-8B6D-1D3F2EA23F56}.Debug|x64.ActiveCfg = Debug|x64
		{76DBE899-CF7E-4690-8B6D-1D3F2EA23F56}.Debug|x64.Build.0 = Debug|x64
		{76DBE899-CF7E-4690-8B6D-1D3F2EA23F56}.Debug|x86.ActiveCfg = Debug|Win32
		{76DBE899-CF7E-4690-8B6D-1D3F2EA23F56}.Debug|x86.Build.0 = Debug|Win32
		{76DBE899-CF7E-4690-8B6D-1D3F2EA23F56}.Release|x64.ActiveCfg = Release|x64
		{76DBE899-CF7E-4690-8B6D-1D3F2EA23F56}.Release|x64.Build.0 = Release|x64
		{76DBE899-CF7E-4690-8B6D-1D3F2EA23F56}.Release|x86.ActiveCfg = Release|Win32
		{76DBE899-CF7E-4690-8B6D-1D3F2EA23F56}.Release|x86.Build.0 = Release|Win32
		{D972D3F5-8A40-4FEF-9180-894783766854}.Debug|x64.ActiveCfg = Debug|x64
		{D972D3F5-8A40-4FEF-9180-894783766854}.Debug|x64.Build.0 = Debug|x64
		{D972D3F5-8A40-4FEF-9180-894783766854}.Debug|x86.ActiveCfg = Debug|Win32
		{D972D3F5-8A40-4FEF-9180-894783766854}.Debug|x86.Build.0 = Debug|Win32
		{D972D3F5-8A40-4FEF-9180-894783766854}.Release|x64.ActiveCfg = Release|x64
		{D972D3F5-8A40-4FEF-9180-894783766854}.Release|x64.Build.0 = Release|x64
		{D972D3F5-8A40-4FEF-9180-894783766854}.Release|x86.ActiveCfg = Release|Win32
		{D972D3F5-8A40-4FEF-9180-894783766854}.Release|x86.Build.0 = Release|Win32
		{D57B73A7-EABD-456C-8226-19728CB09F39}.Debug|x64.ActiveCfg = Debug|x64
		{D57B73A7-EABD-456C-8226-19728CB09F39}.Debug|x64.Build.0 = Debug|x64
		{D57B73A7-EABD-456C-8226-19728CB09F39}.Debug|x86.ActiveCfg = Debug|Win32
		{D57B73A7-EABD-456C-8226-19728CB09F39}.Debug|x86.Build.0 = Debug|Win32
		{D57B73A7-EABD-456C-8226-19728CB09F39}.Release|x64.ActiveCfg = Release|x64
		{D57B73A7-EABD-456C-8226-19728CB09F39}.Release|x64.Build.0 = Release|x64
		{D57B73A7-EABD-456C-8226-19728CB09F39}.Release|x86.ActiveCfg = Release|Win32
		{D57B73A7-EABD-456C-8226-19728CB09F39}.Release|x86.Build.0 = Release|Win32
		{7AC02BFF-5FAF-47EF-BB71-CF6A42DF39BC}.Debug|x64.ActiveCfg = Debug|x64
		{7AC02BFF-5FAF-47EF-BB71-CF6A42DF39BC}.Debug|x64.Build.0 = Debug|x64
		{7AC02BFF-5FAF-47EF-BB71-CF6A42DF39BC}.Debug|x86.ActiveCfg = Debug|Win32
		{7AC02BFF-5FAF-47EF-BB71-CF6A42DF39BC}.Debug|x86.Build.0 = Debug|Win32
		{7AC02BFF-5FAF-47EF-BB71-CF6A42DF39BC}.Release|x64.ActiveCfg = Release|x64
		{7AC02BFF-5FAF-47EF-BB71-CF6A42DF39BC}.Release|x64.Build.0 = Release|x64
		{7AC02BFF-5FAF-47EF-BB71-CF6A42DF39BC}.Release|x86.ActiveCfg = Release|Win32
		{7AC02BFF-5FAF-47EF-BB71-CF6A42DF39BC}.Release|x86.Build.0 = Release|Win32
		{69CCDC06-0184-4F3A-896A-F2E15DEE42FB}.Debug|x64.ActiveCfg = Debug|x64
		{69CCDC06-0184-4F3A-896A-F2E15DEE42FB}.Debug|x64.Build.0 = Debug|x64
		{69CCDC06-0184-4F3A-896A-F2E15DEE42FB}.Debug|x86.ActiveCfg = Debug|Win32
		{69CCDC06-0184-4F3A-896A-F2E15DEE42FB}.Debug|x86.Build.0 = Debug|Win32
		{69CCDC06-0184-4F3A-896A-F2E15DEE42FB}.Release|x64.ActiveCfg = Release|x64
		{69CCDC06-0184-4F3A-896A-F2E15DEE42FB}.Release|x64.Build.0 = Release|x64
		{69CCDC06-0184-4F3A-896A-F2E15DEE42FB}.Release|x86.ActiveCfg = Release|Win32
		{69CCDC06-0184-4F3A-896A-F2E15DEE42FB}.Release|x86.Build.0 = Release|Win32
		{8219A85A-1F34-4C84-AD5F-D2B0359B39C4}.Debug|x64.ActiveCfg = Debug|x64
		{8219A85A-1F34-4C84-AD5F-D2B0359B39C4}.Debug|x64.Build.0 = Debug|x64
		{8219A85A-1F34-4C84-AD5F-D2B0359B39C4}.Debug|x86.ActiveCfg = Debug|Win32
		{8219A85A-1F34-4C84-AD5F-D2B0359B39C4}.Debug|x86.Build.0 = Debug|Win32
		{8219A85A-1F34-4C84-AD5F-D2B0359B39C4}.Release|x64.ActiveCfg = Release|x64
		{8219A85A-1F34-4C84-AD5F-D2B0359B39C4}.Release|x64.Build.0 = Release|x64
		{8219A85A-1F34-4C84-AD5F-D2B0359B39C4}.Release|x86.ActiveCfg = Release|Win32
		{8219A85A-1F34-4C84-AD5F-D2B0359B39C4}.Release|x86.Build.0 = Release|Win32
		{B9517036-A45E-4772-80B6-9AE09800614D}.Debug|x64.ActiveCfg = Debug|x64
		{B9517036-A45E-4772-80B6-9AE09800614D}.Debug|x64.Build.0 = Debug|x64
		{B9517036-A45E-4772-80B6-9AE09800614D}.Debug|x86.ActiveCfg = Debug|Win32
		{B9517036-A45E-4772-80B6-9AE09800614D}.Debug|x86.Build.0 = Debug|Win32
		{B9517036-A45E-4772-80B6-9AE09800614D}.Release|x64.ActiveCfg = Release|x64
		{B9517036-A45E-4772-80B6-9AE09800614D}.Release|x64.Build.0 = Release|x64
		{B9517036-A45E-4772-80B6-9AE09800614D}.Release|x86.ActiveCfg = Release|Win32
		{B9517036-A45E-4772-80B6-9AE09800614D}.Release|x86.Build.0 = Release|Win32
		{AE1286B0-9783-435C-AFB6-920670480A0A}.Debug|x64.ActiveCfg = Debug|x64
		{AE1286B0-9783-435C-AFB6-920670480A0A}.Debug|x64.Build.0 = Debug|x64
		{AE1286B0-9783-435C-AFB6-920670480A0A}.Debug|x86.ActiveCfg = Debug|Win32
		{AE1286B0-9783-435C-AFB6-920670480A0A}.Debug|x86.Build.0 = Debug|Win32
		{AE1286B0-9783-435C-AFB6-920670480A0A}.Release|x64.ActiveCfg = Release|x64
		{AE1286B0-9783-435C-AFB6-920670480A0A}.Release|x64.Build.0 = Release|x64
		{AE1286B0-9783-435C-AFB6-920670480A0A}.Release|x86.ActiveCfg = Release|Win32
		{AE1286B0-9783-435C-AFB6-920670480A0A}.Release|x86.Build.0 = Release|Win32
		{380C8ECC-F144-41FF-8E2B-17A8D857FD48}.Debug|x64.ActiveCfg = Debug|x64
		{380C8ECC-F144-41FF-8E2B-17A8D857FD48}.Debug|x64.Build.0 = Debug|x64
		{380C8ECC-F144-41FF-8E2B-17A8D857FD48}.Debug|x86.ActiveCfg = Debug|Win32
		{380C8ECC-F144-41FF-8E2B-17A8D857FD48}.Debug|x86.Build.0 = Debug|Win32
		{380C8ECC-F144-41FF-8E2B-17A8D857FD48}.Release|x64.ActiveCfg = Release|x64
		{380C8ECC-F144-41FF-8E2B-17A8D857FD48}.Release|x64.Build.0 = Release|x64
		{380C8ECC-F144-41FF-8E2B-17A8D857FD48}.Release|x86.ActiveCfg = Release|Win32
		{380C8ECC-F144-41FF-8E2B-17A8D857FD48}.Release|x86.Build.0 = Release|Win32
		{B2F29EF3-FD50-46A8-A886-5A1FCE4CC1B4}.Debug|x64.ActiveCfg = Debug|x64
		{B2F29EF3-FD50-46A8-A886-5A1FCE4CC1B4}.Debug|x64.Build.0 = Debug|x64
		{B2F29EF3-FD50-46A8-A886-5A1FCE4CC1B4}.Debug|x86.ActiveCfg = Debug|Win32
		{B2F29EF3-FD50-46A8-A886-5A1FCE4CC1B4}.Debug|x86.Build.0 = Debug|Win32
		{B2F29EF3-FD50-46A8-A886-5A1FCE4CC1B4}.Release|x64.ActiveCfg = Release|x64
		{B2F29EF3-FD50-46A8-A886-5A1FCE4CC1B4}.Release|x64.Build.0 = Release|x64
		{B2F29EF3-FD50-46A8-A886-5A1FCE4CC1B4}.Release|x86.ActiveCfg = Release|Win32
		{B2F29EF3-FD50-46A8-A886-5A1FCE4CC1B4}.Release|x86.Build.0 = Release|Win32
		{B6242CD1-A3F4-41D2-B953-87D484241980}.Debug|x64.ActiveCfg = Debug|x64
		{B6242CD1-A3F4-41D2-B953-87D484241980}.Debug|x64.Build.0 = Debug|x64
		{B6242CD1-A3F4-41D2-B953-87D484241980}.Debug|x86.ActiveCfg = Debug|Win32
		{B6242CD1-A3F4-41D2-B953-87D484241980}.Debug|x86.Build.0 = Debug|Win32
		{B6242CD1-A3F4-41D2-B953-87D484241980}.Release|x64.ActiveCfg = Release|x64
		{B6242CD1-A3F4-41D2-B953-87D484241980}.Release|x64.Build.0 = Release|x64
		{B6242CD1-A3F4-41D2-B953-87D484241980}.Release|x86.ActiveCfg = Release|Win32
		{B6242CD1-A3F4-41D2-B953-87D484241980}.Release|x86.Build.0 = Release|Win32
		{8DC72A97-9AC9-404F-BA5B-8C548B4FE2E7}.Debug|x64.ActiveCfg = Debug|x64
		{8DC72A97-9AC9-404F-BA5B-8C548B4FE2E7}.Debug|x64.Build.0 = Debug|x64
		{8DC72A97-9AC9-404F-BA5B-8C548B4FE2E7}.Debug|x86.ActiveCfg = Debug|Win32
		{8DC72A97-9AC9-404F-BA5B-8C548B4FE2E7}.Debug|x86.Build.0 = Debug|Win32
		{8DC72A97-9AC9-404F-BA5B-8C548B4FE2E7}.Release|x64.ActiveCfg = Release|x64
		{8DC72A97-9AC9-404F-BA5B-8C548B4FE2E7}.Release|x64.Build.0 = Release|x64
		{8DC72A97-9AC9-404F-BA5B-8C548B4FE2E7}.Release|x86.ActiveCfg = Release|Win32
		{8DC72A97-9AC9-404F-BA5B-8C548B4FE2E7}.Release|x86.Build.0 = Release|Win32
		{D865DE75-3EA9-4618-AD2D-6E6F8D6AB3F8}.Debug|x64.ActiveCfg = Debug|x64
		{D865DE75-3EA9-4618-AD2D-6E6F8D6AB3F8}.Debug|x64.Build.0 = Debug|x64
		{D865DE75-3EA9-4618-AD2D-6E6F8D6AB3F8}.Debug|x86.ActiveCfg = Debug|Win32
		{D865DE75-3EA9-4618-AD2D-6E6F8D6AB3F8}.Debug|x86.Build.0 = Debug|Win32
		{D865DE75-3EA9-4618-AD2D-6E6F8D6AB3F8}.Release|x64.ActiveCfg = Release|x64
		{D865DE75-3EA9-4618-AD2D-6E6F8D6AB3F8}.Release|x64.Build.0 = Release|x64
		{D865DE75-3EA9-4618-AD2D-6E6F8D6AB3F8}.Release|x86.ActiveCfg = Release|Win32
		{D865DE75-3EA9-4618-AD2D-6E6F8D6AB3F8}.Release|x86.Build.0 = Release|Win32
		{CB64288B-957F-4477-A3B6-A69F32E2836E}.Debug|x64.ActiveCfg = Debug|x64
		{CB64288B-957F-4477-A3B6-A69F32E2836E}.Debug|x64.Build.0 = Debug|x64
		{CB64288B-957F-4477-A3B6-A69F32E2836E}.Debug|x86.ActiveCfg = Debug|Win32
		{CB64288B-957F-4477-A3B6-A69F32E2836E}.Debug|x86.Build.0 = Debug|Win32
		{CB64288B-957F-4477-A3B6-A69F32E2836E}.Release|x64.ActiveCfg = Release|x64
		{CB64288B-957F-4477-A3B6-A69F32E2836E}.Release|x64.Build.0 = Release|x64
		{CB64288B-957F-4477-A3B6-A69F32E2836E}.Release|x86.ActiveCfg = Release|Win32
		{CB64288B-957F-4477-A3B6-A69F32E2836E}.Release|x86.Build.0 = Release|Win32
		{BAB078DC-9CC7-47DA-BBA0-02DC065465CA}.Debug|x64.ActiveCfg = Debug|x64
		{BAB078DC-9CC7-47DA-BBA0-02DC065465CA}.Debug|x64.Build.0 = Debug|x64
		{BAB078DC-9CC7-47DA-BBA0-02DC065465CA}.Debug|x86.ActiveCfg = Debug|Win32
		{BAB078DC-9CC7-47DA-BBA0-02DC065465CA}.Debug|x86.Build.0 = Debug|Win32
		{BAB078DC-9CC7-47DA-BBA0-02DC065465CA}.Release|x64.ActiveCfg = Release|x64
		{BAB078DC-9CC7-47DA-BBA0-02DC065465CA}.Release|x64.Build.0 = Release|x64
		{BAB078DC-9CC7-47DA-BBA0-02DC065465CA}.Release|x86.ActiveCfg = Release|Win32
		{BAB078DC-9CC7-47DA-BBA0-02DC065465CA}.Release|x86.Build.0 = Release|Win32
	EndGlobalSection
	GlobalSection(SolutionProperties) = preSolution
		HideSolutionNode = FALSE
	EndGlobalSection
	GlobalSection(ExtensibilityGlobals) = postSolution
		SolutionGuid = {E5B67C38-04A7-4946-BF0E-C7EC8DA1568D}
	EndGlobalSection
EndGlobal
