
Microsoft Visual Studio Solution File, Format Version 12.00
# Visual Studio Version 16
VisualStudioVersion = 16.0.30523.141
MinimumVisualStudioVersion = 10.0.40219.1
Project("{8BC9CEB8-8B4A-11D0-8D11-00A0C91BC942}") = "Exercise2.01", "Exercises2\Exercises2.vcxproj", "{1218C53C-7141-417B-AA53-343DFD7225E7}"
EndProject
Project("{8BC9CEB8-8B4A-11D0-8D11-00A0C91BC942}") = "Exercise2.02", "Exercises2.02\Exercises2.02.vcxproj", "{E35E5911-1D45-4FE9-9195-3D956E47F0EF}"
EndProject
Project("{8BC9CEB8-8B4A-11D0-8D11-00A0C91BC942}") = "Exercise2.03", "Exercises2.03\Exercises2.03.vcxproj", "{104D1B9F-ACE2-4BF7-AB74-CF2CE52AEBC9}"
EndProject
Project("{8BC9CEB8-8B4A-11D0-8D11-00A0C91BC942}") = "Exercise2.04", "Exercises2.04\Exercises2.04.vcxproj", "{D03D903D-92FD-41D3-9728-48A5CF94269F}"
EndProject
Project("{8BC9CEB8-8B4A-11D0-8D11-00A0C91BC942}") = "Exercise2.05", "Exercise2.05\Exercise2.05.vcxproj", "{9933E76F-3C2F-42BB-BCD1-52E9125AEBB1}"
EndProject
Project("{8BC9CEB8-8B4A-11D0-8D11-00A0C91BC942}") = "Exercise2.06", "Exercise2.06\Exercise2.06.vcxproj", "{2B4D3859-C5A9-4A25-88DC-45D9778BF194}"
EndProject
Project("{8BC9CEB8-8B4A-11D0-8D11-00A0C91BC942}") = "Exercise2.07", "Exercise2.07\Exercise2.07.vcxproj", "{DEAAD187-A9FE-4DCC-B503-C4F88C168149}"
EndProject
Project("{8BC9CEB8-8B4A-11D0-8D11-00A0C91BC942}") = "Exercise2.08", "Exercise2.08\Exercise2.08.vcxproj", "{FDD6E466-5CCE-418A-A825-72FEBACF88E0}"
EndProject
Project("{8BC9CEB8-8B4A-11D0-8D11-00A0C91BC942}") = "Exercise2.09", "Exercise2.09\Exercise2.09.vcxproj", "{22F27328-EEFE-4757-9D98-1EF586D281FB}"
EndProject
Project("{8BC9CEB8-8B4A-11D0-8D11-00A0C91BC942}") = "Exercise2.10", "Exercise2.10\Exercise2.10.vcxproj", "{B52A2287-91F0-4C45-A2B9-922589F8AB68}"
EndProject
Project("{8BC9CEB8-8B4A-11D0-8D11-00A0C91BC942}") = "Exercise2.11", "Exercise2.11\Exercise2.11.vcxproj", "{F7689B18-656C-48AB-9C12-B1961A6CEEFC}"
EndProject
Project("{8BC9CEB8-8B4A-11D0-8D11-00A0C91BC942}") = "Exercise2.12", "Exercise2.12\Exercise2.12.vcxproj", "{9FCE9133-5038-4D07-8FA8-E6D7B8DF3240}"
EndProject
Global
	GlobalSection(SolutionConfigurationPlatforms) = preSolution
		Debug|x64 = Debug|x64
		Debug|x86 = Debug|x86
		Release|x64 = Release|x64
		Release|x86 = Release|x86
	EndGlobalSection
	GlobalSection(ProjectConfigurationPlatforms) = postSolution
		{1218C53C-7141-417B-AA53-343DFD7225E7}.Debug|x64.ActiveCfg = Debug|x64
		{1218C53C-7141-417B-AA53-343DFD7225E7}.Debug|x64.Build.0 = Debug|x64
		{1218C53C-7141-417B-AA53-343DFD7225E7}.Debug|x86.ActiveCfg = Debug|Win32
		{1218C53C-7141-417B-AA53-343DFD7225E7}.Debug|x86.Build.0 = Debug|Win32
		{1218C53C-7141-417B-AA53-343DFD7225E7}.Release|x64.ActiveCfg = Release|x64
		{1218C53C-7141-417B-AA53-343DFD7225E7}.Release|x64.Build.0 = Release|x64
		{1218C53C-7141-417B-AA53-343DFD7225E7}.Release|x86.ActiveCfg = Release|Win32
		{1218C53C-7141-417B-AA53-343DFD7225E7}.Release|x86.Build.0 = Release|Win32
		{E35E5911-1D45-4FE9-9195-3D956E47F0EF}.Debug|x64.ActiveCfg = Debug|x64
		{E35E5911-1D45-4FE9-9195-3D956E47F0EF}.Debug|x64.Build.0 = Debug|x64
		{E35E5911-1D45-4FE9-9195-3D956E47F0EF}.Debug|x86.ActiveCfg = Debug|Win32
		{E35E5911-1D45-4FE9-9195-3D956E47F0EF}.Debug|x86.Build.0 = Debug|Win32
		{E35E5911-1D45-4FE9-9195-3D956E47F0EF}.Release|x64.ActiveCfg = Release|x64
		{E35E5911-1D45-4FE9-9195-3D956E47F0EF}.Release|x64.Build.0 = Release|x64
		{E35E5911-1D45-4FE9-9195-3D956E47F0EF}.Release|x86.ActiveCfg = Release|Win32
		{E35E5911-1D45-4FE9-9195-3D956E47F0EF}.Release|x86.Build.0 = Release|Win32
		{104D1B9F-ACE2-4BF7-AB74-CF2CE52AEBC9}.Debug|x64.ActiveCfg = Debug|x64
		{104D1B9F-ACE2-4BF7-AB74-CF2CE52AEBC9}.Debug|x64.Build.0 = Debug|x64
		{104D1B9F-ACE2-4BF7-AB74-CF2CE52AEBC9}.Debug|x86.ActiveCfg = Debug|Win32
		{104D1B9F-ACE2-4BF7-AB74-CF2CE52AEBC9}.Debug|x86.Build.0 = Debug|Win32
		{104D1B9F-ACE2-4BF7-AB74-CF2CE52AEBC9}.Release|x64.ActiveCfg = Release|x64
		{104D1B9F-ACE2-4BF7-AB74-CF2CE52AEBC9}.Release|x64.Build.0 = Release|x64
		{104D1B9F-ACE2-4BF7-AB74-CF2CE52AEBC9}.Release|x86.ActiveCfg = Release|Win32
		{104D1B9F-ACE2-4BF7-AB74-CF2CE52AEBC9}.Release|x86.Build.0 = Release|Win32
		{D03D903D-92FD-41D3-9728-48A5CF94269F}.Debug|x64.ActiveCfg = Debug|x64
		{D03D903D-92FD-41D3-9728-48A5CF94269F}.Debug|x64.Build.0 = Debug|x64
		{D03D903D-92FD-41D3-9728-48A5CF94269F}.Debug|x86.ActiveCfg = Debug|Win32
		{D03D903D-92FD-41D3-9728-48A5CF94269F}.Debug|x86.Build.0 = Debug|Win32
		{D03D903D-92FD-41D3-9728-48A5CF94269F}.Release|x64.ActiveCfg = Release|x64
		{D03D903D-92FD-41D3-9728-48A5CF94269F}.Release|x64.Build.0 = Release|x64
		{D03D903D-92FD-41D3-9728-48A5CF94269F}.Release|x86.ActiveCfg = Release|Win32
		{D03D903D-92FD-41D3-9728-48A5CF94269F}.Release|x86.Build.0 = Release|Win32
		{9933E76F-3C2F-42BB-BCD1-52E9125AEBB1}.Debug|x64.ActiveCfg = Debug|x64
		{9933E76F-3C2F-42BB-BCD1-52E9125AEBB1}.Debug|x64.Build.0 = Debug|x64
		{9933E76F-3C2F-42BB-BCD1-52E9125AEBB1}.Debug|x86.ActiveCfg = Debug|Win32
		{9933E76F-3C2F-42BB-BCD1-52E9125AEBB1}.Debug|x86.Build.0 = Debug|Win32
		{9933E76F-3C2F-42BB-BCD1-52E9125AEBB1}.Release|x64.ActiveCfg = Release|x64
		{9933E76F-3C2F-42BB-BCD1-52E9125AEBB1}.Release|x64.Build.0 = Release|x64
		{9933E76F-3C2F-42BB-BCD1-52E9125AEBB1}.Release|x86.ActiveCfg = Release|Win32
		{9933E76F-3C2F-42BB-BCD1-52E9125AEBB1}.Release|x86.Build.0 = Release|Win32
		{2B4D3859-C5A9-4A25-88DC-45D9778BF194}.Debug|x64.ActiveCfg = Debug|x64
		{2B4D3859-C5A9-4A25-88DC-45D9778BF194}.Debug|x64.Build.0 = Debug|x64
		{2B4D3859-C5A9-4A25-88DC-45D9778BF194}.Debug|x86.ActiveCfg = Debug|Win32
		{2B4D3859-C5A9-4A25-88DC-45D9778BF194}.Debug|x86.Build.0 = Debug|Win32
		{2B4D3859-C5A9-4A25-88DC-45D9778BF194}.Release|x64.ActiveCfg = Release|x64
		{2B4D3859-C5A9-4A25-88DC-45D9778BF194}.Release|x64.Build.0 = Release|x64
		{2B4D3859-C5A9-4A25-88DC-45D9778BF194}.Release|x86.ActiveCfg = Release|Win32
		{2B4D3859-C5A9-4A25-88DC-45D9778BF194}.Release|x86.Build.0 = Release|Win32
		{DEAAD187-A9FE-4DCC-B503-C4F88C168149}.Debug|x64.ActiveCfg = Debug|x64
		{DEAAD187-A9FE-4DCC-B503-C4F88C168149}.Debug|x64.Build.0 = Debug|x64
		{DEAAD187-A9FE-4DCC-B503-C4F88C168149}.Debug|x86.ActiveCfg = Debug|Win32
		{DEAAD187-A9FE-4DCC-B503-C4F88C168149}.Debug|x86.Build.0 = Debug|Win32
		{DEAAD187-A9FE-4DCC-B503-C4F88C168149}.Release|x64.ActiveCfg = Release|x64
		{DEAAD187-A9FE-4DCC-B503-C4F88C168149}.Release|x64.Build.0 = Release|x64
		{DEAAD187-A9FE-4DCC-B503-C4F88C168149}.Release|x86.ActiveCfg = Release|Win32
		{DEAAD187-A9FE-4DCC-B503-C4F88C168149}.Release|x86.Build.0 = Release|Win32
		{FDD6E466-5CCE-418A-A825-72FEBACF88E0}.Debug|x64.ActiveCfg = Debug|x64
		{FDD6E466-5CCE-418A-A825-72FEBACF88E0}.Debug|x64.Build.0 = Debug|x64
		{FDD6E466-5CCE-418A-A825-72FEBACF88E0}.Debug|x86.ActiveCfg = Debug|Win32
		{FDD6E466-5CCE-418A-A825-72FEBACF88E0}.Debug|x86.Build.0 = Debug|Win32
		{FDD6E466-5CCE-418A-A825-72FEBACF88E0}.Release|x64.ActiveCfg = Release|x64
		{FDD6E466-5CCE-418A-A825-72FEBACF88E0}.Release|x64.Build.0 = Release|x64
		{FDD6E466-5CCE-418A-A825-72FEBACF88E0}.Release|x86.ActiveCfg = Release|Win32
		{FDD6E466-5CCE-418A-A825-72FEBACF88E0}.Release|x86.Build.0 = Release|Win32
		{22F27328-EEFE-4757-9D98-1EF586D281FB}.Debug|x64.ActiveCfg = Debug|x64
		{22F27328-EEFE-4757-9D98-1EF586D281FB}.Debug|x64.Build.0 = Debug|x64
		{22F27328-EEFE-4757-9D98-1EF586D281FB}.Debug|x86.ActiveCfg = Debug|Win32
		{22F27328-EEFE-4757-9D98-1EF586D281FB}.Debug|x86.Build.0 = Debug|Win32
		{22F27328-EEFE-4757-9D98-1EF586D281FB}.Release|x64.ActiveCfg = Release|x64
		{22F27328-EEFE-4757-9D98-1EF586D281FB}.Release|x64.Build.0 = Release|x64
		{22F27328-EEFE-4757-9D98-1EF586D281FB}.Release|x86.ActiveCfg = Release|Win32
		{22F27328-EEFE-4757-9D98-1EF586D281FB}.Release|x86.Build.0 = Release|Win32
		{B52A2287-91F0-4C45-A2B9-922589F8AB68}.Debug|x64.ActiveCfg = Debug|x64
		{B52A2287-91F0-4C45-A2B9-922589F8AB68}.Debug|x64.Build.0 = Debug|x64
		{B52A2287-91F0-4C45-A2B9-922589F8AB68}.Debug|x86.ActiveCfg = Debug|Win32
		{B52A2287-91F0-4C45-A2B9-922589F8AB68}.Debug|x86.Build.0 = Debug|Win32
		{B52A2287-91F0-4C45-A2B9-922589F8AB68}.Release|x64.ActiveCfg = Release|x64
		{B52A2287-91F0-4C45-A2B9-922589F8AB68}.Release|x64.Build.0 = Release|x64
		{B52A2287-91F0-4C45-A2B9-922589F8AB68}.Release|x86.ActiveCfg = Release|Win32
		{B52A2287-91F0-4C45-A2B9-922589F8AB68}.Release|x86.Build.0 = Release|Win32
		{F7689B18-656C-48AB-9C12-B1961A6CEEFC}.Debug|x64.ActiveCfg = Debug|x64
		{F7689B18-656C-48AB-9C12-B1961A6CEEFC}.Debug|x64.Build.0 = Debug|x64
		{F7689B18-656C-48AB-9C12-B1961A6CEEFC}.Debug|x86.ActiveCfg = Debug|Win32
		{F7689B18-656C-48AB-9C12-B1961A6CEEFC}.Debug|x86.Build.0 = Debug|Win32
		{F7689B18-656C-48AB-9C12-B1961A6CEEFC}.Release|x64.ActiveCfg = Release|x64
		{F7689B18-656C-48AB-9C12-B1961A6CEEFC}.Release|x64.Build.0 = Release|x64
		{F7689B18-656C-48AB-9C12-B1961A6CEEFC}.Release|x86.ActiveCfg = Release|Win32
		{F7689B18-656C-48AB-9C12-B1961A6CEEFC}.Release|x86.Build.0 = Release|Win32
		{9FCE9133-5038-4D07-8FA8-E6D7B8DF3240}.Debug|x64.ActiveCfg = Debug|x64
		{9FCE9133-5038-4D07-8FA8-E6D7B8DF3240}.Debug|x64.Build.0 = Debug|x64
		{9FCE9133-5038-4D07-8FA8-E6D7B8DF3240}.Debug|x86.ActiveCfg = Debug|Win32
		{9FCE9133-5038-4D07-8FA8-E6D7B8DF3240}.Debug|x86.Build.0 = Debug|Win32
		{9FCE9133-5038-4D07-8FA8-E6D7B8DF3240}.Release|x64.ActiveCfg = Release|x64
		{9FCE9133-5038-4D07-8FA8-E6D7B8DF3240}.Release|x64.Build.0 = Release|x64
		{9FCE9133-5038-4D07-8FA8-E6D7B8DF3240}.Release|x86.ActiveCfg = Release|Win32
		{9FCE9133-5038-4D07-8FA8-E6D7B8DF3240}.Release|x86.Build.0 = Release|Win32
	EndGlobalSection
	GlobalSection(SolutionProperties) = preSolution
		HideSolutionNode = FALSE
	EndGlobalSection
	GlobalSection(ExtensibilityGlobals) = postSolution
		SolutionGuid = {7AFC6848-E4F4-4AA5-A16E-EEFE3F3360A9}
	EndGlobalSection
EndGlobal
